
Microsoft Visual Studio Solution File, Format Version 12.00
# Visual Studio 15
VisualStudioVersion = 15.0.28307.168
MinimumVisualStudioVersion = 10.0.40219.1
Project("{FAE04EC0-301F-11D3-BF4B-00C04F79EFBC}") = "PRSipl", "PRSipl.csproj", "{829F4B3E-8A1C-4CDE-B74E-46405BBA5C09}"
EndProject
Global
	GlobalSection(SolutionConfigurationPlatforms) = preSolution
		Debug|Any CPU = Debug|Any CPU
		Release|Any CPU = Release|Any CPU
	EndGlobalSection
	GlobalSection(ProjectConfigurationPlatforms) = postSolution
		{829F4B3E-8A1C-4CDE-B74E-46405BBA5C09}.Debug|Any CPU.ActiveCfg = Debug|Any CPU
		{829F4B3E-8A1C-4CDE-B74E-46405BBA5C09}.Debug|Any CPU.Build.0 = Debug|Any CPU
		{829F4B3E-8A1C-4CDE-B74E-46405BBA5C09}.Release|Any CPU.ActiveCfg = Release|Any CPU
		{829F4B3E-8A1C-4CDE-B74E-46405BBA5C09}.Release|Any CPU.Build.0 = Release|Any CPU
	EndGlobalSection
	GlobalSection(SolutionProperties) = preSolution
		HideSolutionNode = FALSE
	EndGlobalSection
	GlobalSection(ExtensibilityGlobals) = postSolution
		SolutionGuid = {FF08C466-8A73-414F-8CCF-EBBE114AA8D8}
	EndGlobalSection
EndGlobal
